PODS:
  - Action (4.3.0):
    - RxCocoa (~> 6.0)
    - RxSwift (~> 6.0)
  - Differentiator (5.0.0)
  - Realm (10.7.4):
    - Realm/Headers (= 10.7.4)
  - Realm/Headers (10.7.4)
  - RealmSwift (10.7.4):
    - Realm (= 10.7.4)
  - RxCocoa (6.1.0):
    - RxRelay (= 6.1.0)
    - RxSwift (= 6.1.0)
  - RxDataSources (5.0.0):
    - Differentiator (~> 5.0)
    - RxCocoa (~> 6.0)
    - RxSwift (~> 6.0)
  - RxRelay (6.1.0):
    - RxSwift (= 6.1.0)
  - RxSwift (6.1.0)

DEPENDENCIES:
  - Action
  - RealmSwift
  - RxCocoa
  - RxDataSources
  - RxSwift

SPEC REPOS:
  trunk:
    - Action
    - Differentiator
    - Realm
    - RealmSwift
    - RxCocoa
    - RxDataSources
    - RxRelay
    - RxSwift

SPEC CHECKSUMS:
  Action: 9891cd1b0a9047557d7e58e8dfae743e19d08197
  Differentiator: e8497ceab83c1b10ca233716d547b9af21b9344d
  Realm: f08ce1a85649a41303ecfe1cbd914c62e9e6d710
  RealmSwift: 60ec49d165f23d040ab48811d8dd177e09baf4d3
  RxCocoa: 5c51f02d562cbd94629f6c26cf0c80fe4ab8d343
  RxDataSources: aa47cc1ed6c500fa0dfecac5c979b723542d79cf
  RxRelay: 483e1a19fad961b41f0b0c0bee506f46c1ae14fe
  RxSwift: a834e5c538e89eca0cae86f403f4fbf0336786ce

PODFILE CHECKSUM: f6c34f2d6f3bffd5e69047f50e0262b95e5a57b9

COCOAPODS: 1.10.1
